{
  "version": 4,
  "terraform_version": "1.6.4",
  "serial": 13,
  "lineage": "fe184b93-3ed5-837f-3726-3fb9831f830a",
  "outputs": {},
  "resources": [
    {
      "mode": "data",
      "type": "aws_caller_identity",
      "name": "current",
      "provider": "provider[\"registry.terraform.io/hashicorp/aws\"]",
      "instances": [
        {
          "schema_version": 0,
          "attributes": {
            "account_id": "088656249151",
            "arn": "arn:aws:iam::088656249151:user/vvasylkovskyi_api",
            "id": "088656249151",
            "user_id": "AIDARJJCTAE7SXWZZHPTF"
          },
          "sensitive_attributes": []
        }
      ]
    },
    {
      "mode": "data",
      "type": "aws_secretsmanager_secret",
      "name": "app_secrets",
      "provider": "provider[\"registry.terraform.io/hashicorp/aws\"]",
      "instances": [
        {
          "schema_version": 0,
          "attributes": {
            "arn": "arn:aws:secretsmanager:us-east-1:088656249151:secret:portfolio/app/credentials-MhS9Um",
            "created_date": "2025-06-18T14:04:04Z",
            "description": "Application credentials",
            "id": "arn:aws:secretsmanager:us-east-1:088656249151:secret:portfolio/app/credentials-MhS9Um",
            "kms_key_id": "",
            "last_changed_date": "2025-06-30T14:19:32Z",
            "name": "portfolio/app/credentials",
            "policy": "",
            "region": "us-east-1",
            "tags": {}
          },
          "sensitive_attributes": []
        }
      ]
    },
    {
      "mode": "data",
      "type": "aws_secretsmanager_secret_version",
      "name": "current",
      "provider": "provider[\"registry.terraform.io/hashicorp/aws\"]",
      "instances": [
        {
          "schema_version": 0,
          "attributes": {
            "arn": "arn:aws:secretsmanager:us-east-1:088656249151:secret:portfolio/app/credentials-MhS9Um",
            "created_date": "2025-06-30T14:19:32Z",
            "id": "arn:aws:secretsmanager:us-east-1:088656249151:secret:portfolio/app/credentials-MhS9Um|AWSCURRENT",
            "region": "us-east-1",
            "secret_binary": "",
            "secret_id": "arn:aws:secretsmanager:us-east-1:088656249151:secret:portfolio/app/credentials-MhS9Um",
            "secret_string": "{\"ssh_public_key\": \"ssh-ed25519 AAAAC3NzaC1lZDI1NTE5AAAAIGxrX3ohVPhWLr0aaW9PVfeSFz04j66I1nwd47wxJb+i viktor.vasylkovskyi@gmail.com\",\"datadog_api_key\": \"01d136a223766f6d1c87622537a9f728\",\"datadog_app_key\": \"1b80ec0c0bd1081bb8f27940d59f534bdf120ffa\",\"pagerduty_service_region\": \"eu\",\"pagerduty_token\": \"e+orBV3RmHtUr6MsRm5g\",\"pagerduty_datadog_integration_key\": \"498d547205fa4500d17dcf1794f77e27\",\"pagerduty_subdomain\": \"vvasylkovskyi\",\"datadog_api_url\": \"https://api.datadoghq.eu/\",\"database_name\": \"portfolio\",\"database_username\": \"vvasylkovskyi\",\"database_password\": \"Test1234\"}",
            "version_id": "cd04d77d-6eae-4b39-ad7a-deda38b89b2f",
            "version_stage": "AWSCURRENT",
            "version_stages": [
              "AWSCURRENT"
            ]
          },
          "sensitive_attributes": []
        }
      ]
    },
    {
      "mode": "managed",
      "type": "aws_s3_bucket",
      "name": "terraform_state",
      "provider": "provider[\"registry.terraform.io/hashicorp/aws\"]",
      "instances": [
        {
          "schema_version": 0,
          "attributes": {
            "acceleration_status": "",
            "acl": null,
            "arn": "arn:aws:s3:::vvasylkovskyi-portfolio-terraform-state-backend-v2",
            "bucket": "vvasylkovskyi-portfolio-terraform-state-backend-v2",
            "bucket_domain_name": "vvasylkovskyi-portfolio-terraform-state-backend-v2.s3.amazonaws.com",
            "bucket_prefix": "",
            "bucket_region": "us-east-1",
            "bucket_regional_domain_name": "vvasylkovskyi-portfolio-terraform-state-backend-v2.s3.us-east-1.amazonaws.com",
            "cors_rule": [],
            "force_destroy": false,
            "grant": [
              {
                "id": "2fe95bb3038179d25cb9841d823cfb9657e0c19bed70aaffe9871ec27882b99c",
                "permissions": [
                  "FULL_CONTROL"
                ],
                "type": "CanonicalUser",
                "uri": ""
              }
            ],
            "hosted_zone_id": "Z3AQBSTGFYJSTF",
            "id": "vvasylkovskyi-portfolio-terraform-state-backend-v2",
            "lifecycle_rule": [],
            "logging": [],
            "object_lock_configuration": [],
            "object_lock_enabled": false,
            "policy": "",
            "region": "us-east-1",
            "replication_configuration": [],
            "request_payer": "BucketOwner",
            "server_side_encryption_configuration": [
              {
                "rule": [
                  {
                    "apply_server_side_encryption_by_default": [
                      {
                        "kms_master_key_id": "",
                        "sse_algorithm": "AES256"
                      }
                    ],
                    "bucket_key_enabled": false
                  }
                ]
              }
            ],
            "tags": {},
            "tags_all": {},
            "timeouts": null,
            "versioning": [
              {
                "enabled": false,
                "mfa_delete": false
              }
            ],
            "website": [],
            "website_domain": null,
            "website_endpoint": null
          },
          "sensitive_attributes": [],
          "private": "eyJlMmJmYjczMC1lY2FhLTExZTYtOGY4OC0zNDM2M2JjN2M0YzAiOnsiY3JlYXRlIjoxMjAwMDAwMDAwMDAwLCJkZWxldGUiOjM2MDAwMDAwMDAwMDAsInJlYWQiOjEyMDAwMDAwMDAwMDAsInVwZGF0ZSI6MTIwMDAwMDAwMDAwMH19"
        }
      ]
    },
    {
      "module": "module.aws_route53_record",
      "mode": "managed",
      "type": "aws_route53_zone",
      "name": "main",
      "provider": "provider[\"registry.terraform.io/hashicorp/aws\"]",
      "instances": [
        {
          "schema_version": 0,
          "attributes": {
            "arn": "arn:aws:route53:::hostedzone/Z071295714UDWCVBVCHSA",
            "comment": "Managed by Terraform",
            "delegation_set_id": "",
            "force_destroy": false,
            "id": "Z071295714UDWCVBVCHSA",
            "name": "vvasylkovskyi.com",
            "name_servers": [
              "ns-1164.awsdns-17.org",
              "ns-1803.awsdns-33.co.uk",
              "ns-395.awsdns-49.com",
              "ns-797.awsdns-35.net"
            ],
            "primary_name_server": "ns-1164.awsdns-17.org",
            "tags": {},
            "tags_all": {},
            "timeouts": null,
            "vpc": [],
            "zone_id": "Z071295714UDWCVBVCHSA"
          },
          "sensitive_attributes": [],
          "private": "eyJlMmJmYjczMC1lY2FhLTExZTYtOGY4OC0zNDM2M2JjN2M0YzAiOnsiY3JlYXRlIjoxODAwMDAwMDAwMDAwLCJkZWxldGUiOjE4MDAwMDAwMDAwMDAsInVwZGF0ZSI6MTgwMDAwMDAwMDAwMH19",
          "create_before_destroy": true
        }
      ]
    },
    {
      "module": "module.ec2",
      "mode": "managed",
      "type": "aws_key_pair",
      "name": "ssh-key",
      "provider": "provider[\"registry.terraform.io/hashicorp/aws\"]",
      "instances": [
        {
          "schema_version": 1,
          "attributes": {
            "arn": "arn:aws:ec2:us-east-1:088656249151:key-pair/ec2-instance-key",
            "fingerprint": "xwG8aeU6+5EQLNF9WM87TUUJy1B7o7eLu7FXQrdQMFQ=",
            "id": "ec2-instance-key",
            "key_name": "ec2-instance-key",
            "key_name_prefix": "",
            "key_pair_id": "key-082b3a4bf4451f917",
            "key_type": "ed25519",
            "public_key": "ssh-ed25519 AAAAC3NzaC1lZDI1NTE5AAAAIGxrX3ohVPhWLr0aaW9PVfeSFz04j66I1nwd47wxJb+i viktor.vasylkovskyi@gmail.com",
            "region": "us-east-1",
            "tags": {},
            "tags_all": {}
          },
          "sensitive_attributes": [
            [
              {
                "type": "get_attr",
                "value": "public_key"
              }
            ]
          ],
          "private": "eyJzY2hlbWFfdmVyc2lvbiI6IjEifQ==",
          "dependencies": [
            "data.aws_secretsmanager_secret.app_secrets",
            "data.aws_secretsmanager_secret_version.current"
          ]
        }
      ]
    },
    {
      "module": "module.network",
      "mode": "data",
      "type": "aws_availability_zones",
      "name": "available",
      "provider": "provider[\"registry.terraform.io/hashicorp/aws\"]",
      "instances": [
        {
          "schema_version": 0,
          "attributes": {
            "all_availability_zones": null,
            "exclude_names": null,
            "exclude_zone_ids": null,
            "filter": null,
            "group_names": [
              "us-east-1-zg-1"
            ],
            "id": "us-east-1",
            "names": [
              "us-east-1a",
              "us-east-1b",
              "us-east-1c",
              "us-east-1d",
              "us-east-1e",
              "us-east-1f"
            ],
            "region": "us-east-1",
            "state": null,
            "timeouts": null,
            "zone_ids": [
              "use1-az2",
              "use1-az4",
              "use1-az6",
              "use1-az1",
              "use1-az3",
              "use1-az5"
            ]
          },
          "sensitive_attributes": []
        }
      ]
    },
    {
      "module": "module.ssl_acm",
      "mode": "managed",
      "type": "aws_acm_certificate",
      "name": "cert",
      "provider": "module.ssl_acm.provider[\"registry.terraform.io/hashicorp/aws\"].us_east_1",
      "instances": [
        {
          "schema_version": 0,
          "attributes": {
            "arn": "arn:aws:acm:us-east-1:088656249151:certificate/1a94b21e-0b26-4cc9-a7dd-425c27b101fd",
            "certificate_authority_arn": "",
            "certificate_body": null,
            "certificate_chain": null,
            "domain_name": "vvasylkovskyi.com",
            "domain_validation_options": [
              {
                "domain_name": "vvasylkovskyi.com",
                "resource_record_name": "_1531d74a55034bdd44f561e9e35a8057.vvasylkovskyi.com.",
                "resource_record_type": "CNAME",
                "resource_record_value": "_b7c8c27cfe2a192f86927f577ed3da5e.xlfgrmvvlj.acm-validations.aws."
              },
              {
                "domain_name": "www.vvasylkovskyi.com",
                "resource_record_name": "_9690e549cc7a755703482036c04cb75c.www.vvasylkovskyi.com.",
                "resource_record_type": "CNAME",
                "resource_record_value": "_2e9472a73964663a3a45d3023a875a47.xlfgrmvvlj.acm-validations.aws."
              }
            ],
            "early_renewal_duration": "",
            "id": "arn:aws:acm:us-east-1:088656249151:certificate/1a94b21e-0b26-4cc9-a7dd-425c27b101fd",
            "key_algorithm": "RSA_2048",
            "not_after": "2026-07-29T23:59:59Z",
            "not_before": "2025-06-30T00:00:00Z",
            "options": [
              {
                "certificate_transparency_logging_preference": "ENABLED"
              }
            ],
            "pending_renewal": false,
            "private_key": null,
            "region": "us-east-1",
            "renewal_eligibility": "INELIGIBLE",
            "renewal_summary": [],
            "status": "ISSUED",
            "subject_alternative_names": [
              "vvasylkovskyi.com",
              "www.vvasylkovskyi.com"
            ],
            "tags": {},
            "tags_all": {},
            "type": "AMAZON_ISSUED",
            "validation_emails": [],
            "validation_method": "DNS",
            "validation_option": []
          },
          "sensitive_attributes": [],
          "private": "bnVsbA==",
          "dependencies": [
            "module.aws_route53_record.aws_route53_zone.main"
          ],
          "create_before_destroy": true
        }
      ]
    },
    {
      "module": "module.ssl_acm",
      "mode": "managed",
      "type": "aws_acm_certificate_validation",
      "name": "cert",
      "provider": "provider[\"registry.terraform.io/hashicorp/aws\"]",
      "instances": [
        {
          "schema_version": 0,
          "attributes": {
            "certificate_arn": "arn:aws:acm:us-east-1:088656249151:certificate/1a94b21e-0b26-4cc9-a7dd-425c27b101fd",
            "id": "0001-01-01 00:00:00 +0000 UTC",
            "region": "us-east-1",
            "timeouts": null,
            "validation_record_fqdns": [
              "_1531d74a55034bdd44f561e9e35a8057.vvasylkovskyi.com",
              "_9690e549cc7a755703482036c04cb75c.www.vvasylkovskyi.com"
            ]
          },
          "sensitive_attributes": [],
          "private": "eyJlMmJmYjczMC1lY2FhLTExZTYtOGY4OC0zNDM2M2JjN2M0YzAiOnsiY3JlYXRlIjo0NTAwMDAwMDAwMDAwfX0=",
          "dependencies": [
            "module.aws_route53_record.aws_route53_zone.main",
            "module.ssl_acm.aws_acm_certificate.cert",
            "module.ssl_acm.aws_route53_record.cert_validation"
          ]
        }
      ]
    },
    {
      "module": "module.ssl_acm",
      "mode": "managed",
      "type": "aws_route53_record",
      "name": "cert_validation",
      "provider": "provider[\"registry.terraform.io/hashicorp/aws\"]",
      "instances": [
        {
          "index_key": "vvasylkovskyi.com",
          "schema_version": 2,
          "attributes": {
            "alias": [],
            "allow_overwrite": null,
            "cidr_routing_policy": [],
            "failover_routing_policy": [],
            "fqdn": "_1531d74a55034bdd44f561e9e35a8057.vvasylkovskyi.com",
            "geolocation_routing_policy": [],
            "geoproximity_routing_policy": [],
            "health_check_id": "",
            "id": "Z071295714UDWCVBVCHSA__1531d74a55034bdd44f561e9e35a8057.vvasylkovskyi.com._CNAME",
            "latency_routing_policy": [],
            "multivalue_answer_routing_policy": false,
            "name": "_1531d74a55034bdd44f561e9e35a8057.vvasylkovskyi.com",
            "records": [
              "_b7c8c27cfe2a192f86927f577ed3da5e.xlfgrmvvlj.acm-validations.aws."
            ],
            "set_identifier": "",
            "timeouts": null,
            "ttl": 60,
            "type": "CNAME",
            "weighted_routing_policy": [],
            "zone_id": "Z071295714UDWCVBVCHSA"
          },
          "sensitive_attributes": [],
          "private": "eyJlMmJmYjczMC1lY2FhLTExZTYtOGY4OC0zNDM2M2JjN2M0YzAiOnsiY3JlYXRlIjoxODAwMDAwMDAwMDAwLCJkZWxldGUiOjE4MDAwMDAwMDAwMDAsInVwZGF0ZSI6MTgwMDAwMDAwMDAwMH0sInNjaGVtYV92ZXJzaW9uIjoiMiJ9",
          "dependencies": [
            "module.aws_route53_record.aws_route53_zone.main",
            "module.ssl_acm.aws_acm_certificate.cert"
          ]
        },
        {
          "index_key": "www.vvasylkovskyi.com",
          "schema_version": 2,
          "attributes": {
            "alias": [],
            "allow_overwrite": null,
            "cidr_routing_policy": [],
            "failover_routing_policy": [],
            "fqdn": "_9690e549cc7a755703482036c04cb75c.www.vvasylkovskyi.com",
            "geolocation_routing_policy": [],
            "geoproximity_routing_policy": [],
            "health_check_id": "",
            "id": "Z071295714UDWCVBVCHSA__9690e549cc7a755703482036c04cb75c.www.vvasylkovskyi.com._CNAME",
            "latency_routing_policy": [],
            "multivalue_answer_routing_policy": false,
            "name": "_9690e549cc7a755703482036c04cb75c.www.vvasylkovskyi.com",
            "records": [
              "_2e9472a73964663a3a45d3023a875a47.xlfgrmvvlj.acm-validations.aws."
            ],
            "set_identifier": "",
            "timeouts": null,
            "ttl": 60,
            "type": "CNAME",
            "weighted_routing_policy": [],
            "zone_id": "Z071295714UDWCVBVCHSA"
          },
          "sensitive_attributes": [],
          "private": "eyJlMmJmYjczMC1lY2FhLTExZTYtOGY4OC0zNDM2M2JjN2M0YzAiOnsiY3JlYXRlIjoxODAwMDAwMDAwMDAwLCJkZWxldGUiOjE4MDAwMDAwMDAwMDAsInVwZGF0ZSI6MTgwMDAwMDAwMDAwMH0sInNjaGVtYV92ZXJzaW9uIjoiMiJ9",
          "dependencies": [
            "module.aws_route53_record.aws_route53_zone.main",
            "module.ssl_acm.aws_acm_certificate.cert"
          ]
        }
      ]
    }
  ],
  "check_results": null
}
